
Microsoft Visual Studio Solution File, Format Version 12.00
# Visual Studio Version 17
VisualStudioVersion = 17.12.35527.113 d17.12
MinimumVisualStudioVersion = 10.0.40219.1
Project("{FAE04EC0-301F-11D3-BF4B-00C04F79EFBC}") = "SimpleBedSpawn", "SimpleBedSpawn\SimpleBedSpawn.csproj", "{38D750B7-6395-4AA1-80CE-1A8398328834}"
EndProject
Project("{FAE04EC0-301F-11D3-BF4B-00C04F79EFBC}") = "CakeBuild", "ZZCakeBuild\CakeBuild.csproj", "{77BB6727-5ACE-437C-A8EF-7FC2D5FF0653}"
EndProject
Global
	GlobalSection(SolutionConfigurationPlatforms) = preSolution
		Debug|Any CPU = Debug|Any CPU
		Release|Any CPU = Release|Any CPU
	EndGlobalSection
	GlobalSection(ProjectConfigurationPlatforms) = postSolution
		{38D750B7-6395-4AA1-80CE-1A8398328834}.Debug|Any CPU.ActiveCfg = Debug|Any CPU
		{38D750B7-6395-4AA1-80CE-1A8398328834}.Debug|Any CPU.Build.0 = Debug|Any CPU
		{38D750B7-6395-4AA1-80CE-1A8398328834}.Release|Any CPU.ActiveCfg = Release|Any CPU
		{38D750B7-6395-4AA1-80CE-1A8398328834}.Release|Any CPU.Build.0 = Release|Any CPU
		{77BB6727-5ACE-437C-A8EF-7FC2D5FF0653}.Debug|Any CPU.ActiveCfg = Debug|Any CPU
		{77BB6727-5ACE-437C-A8EF-7FC2D5FF0653}.Debug|Any CPU.Build.0 = Debug|Any CPU
		{77BB6727-5ACE-437C-A8EF-7FC2D5FF0653}.Release|Any CPU.ActiveCfg = Release|Any CPU
		{77BB6727-5ACE-437C-A8EF-7FC2D5FF0653}.Release|Any CPU.Build.0 = Release|Any CPU
	EndGlobalSection
	GlobalSection(SolutionProperties) = preSolution
		HideSolutionNode = FALSE
	EndGlobalSection
EndGlobal
